
Microsoft Visual Studio Solution File, Format Version 12.00
# Visual Studio Version 17
VisualStudioVersion = 17.10.34916.146
MinimumVisualStudioVersion = 10.0.40219.1
Project("{2150E333-8FDC-42A3-9474-1A3956D46DE8}") = "DynamicPrograms", "DynamicPrograms", "{5868366D-6E08-4ED6-8A89-471CF233BCB4}"
EndProject
Project("{9A19103F-16F7-4668-BE54-9A1E7A4F7556}") = "1.ReverseString", "1.ReverseString\1.ReverseString.csproj", "{88B7D74C-1F0F-486A-AA05-4DB572E7FDF7}"
EndProject
Project("{2150E333-8FDC-42A3-9474-1A3956D46DE8}") = "DataStructures", "DataStructures", "{D9D591AC-ED74-47B5-A479-B2469E6EB430}"
EndProject
Project("{2150E333-8FDC-42A3-9474-1A3956D46DE8}") = "Algorithms", "Algorithms", "{7FAEA0B8-AD98-4998-8F4F-1D86EB19BFB2}"
EndProject
Project("{2150E333-8FDC-42A3-9474-1A3956D46DE8}") = "Array", "Array", "{A3748092-DD96-4A21-BC06-9DF2BC01E14E}"
EndProject
Project("{2150E333-8FDC-42A3-9474-1A3956D46DE8}") = "LinkedList", "LinkedList", "{3C772873-7E51-4ECC-B842-6B82E7DEA23F}"
EndProject
Project("{2150E333-8FDC-42A3-9474-1A3956D46DE8}") = "Dictionary", "Dictionary", "{AC3A8507-397E-4A48-A45A-96862D2F0B00}"
EndProject
Project("{2150E333-8FDC-42A3-9474-1A3956D46DE8}") = "Hashset", "Hashset", "{4C8732C7-1023-4E9F-93BC-634F5469F862}"
EndProject
Project("{2150E333-8FDC-42A3-9474-1A3956D46DE8}") = "TwoPointers", "TwoPointers", "{CD27FDD1-22FB-48F3-9BFC-91625B9B9456}"
EndProject
Project("{2150E333-8FDC-42A3-9474-1A3956D46DE8}") = "SlidingWindow", "SlidingWindow", "{42257E08-6A83-4450-9B48-E83D15357AC0}"
EndProject
Project("{2150E333-8FDC-42A3-9474-1A3956D46DE8}") = "Sorting", "Sorting", "{8F855FDC-F8CF-4285-814A-7C7FE4EA8C34}"
EndProject
Project("{FAE04EC0-301F-11D3-BF4B-00C04F79EFBC}") = "2.Palindrome", "Palindrome\2.Palindrome.csproj", "{900C1281-3965-44A5-818E-D23BC978276D}"
EndProject
Project("{FAE04EC0-301F-11D3-BF4B-00C04F79EFBC}") = "3.FibonacciSeries", "3.FibonacciSeries\3.FibonacciSeries.csproj", "{A41F0C7F-03E1-4CC6-93B8-CDC2BD9C7F42}"
EndProject
Project("{FAE04EC0-301F-11D3-BF4B-00C04F79EFBC}") = "4.Factorial", "4.Factorial\4.Factorial.csproj", "{03EAD423-E585-47EC-960A-FF2FC332E458}"
EndProject
Project("{FAE04EC0-301F-11D3-BF4B-00C04F79EFBC}") = "5.PrimeNumber", "5.PrimeNumber\5.PrimeNumber.csproj", "{21FFD0DC-7F92-4025-B9A6-67768750C21E}"
EndProject
Global
	GlobalSection(SolutionConfigurationPlatforms) = preSolution
		Debug|Any CPU = Debug|Any CPU
		Release|Any CPU = Release|Any CPU
	EndGlobalSection
	GlobalSection(ProjectConfigurationPlatforms) = postSolution
		{88B7D74C-1F0F-486A-AA05-4DB572E7FDF7}.Debug|Any CPU.ActiveCfg = Debug|Any CPU
		{88B7D74C-1F0F-486A-AA05-4DB572E7FDF7}.Debug|Any CPU.Build.0 = Debug|Any CPU
		{88B7D74C-1F0F-486A-AA05-4DB572E7FDF7}.Release|Any CPU.ActiveCfg = Release|Any CPU
		{88B7D74C-1F0F-486A-AA05-4DB572E7FDF7}.Release|Any CPU.Build.0 = Release|Any CPU
		{900C1281-3965-44A5-818E-D23BC978276D}.Debug|Any CPU.ActiveCfg = Debug|Any CPU
		{900C1281-3965-44A5-818E-D23BC978276D}.Debug|Any CPU.Build.0 = Debug|Any CPU
		{900C1281-3965-44A5-818E-D23BC978276D}.Release|Any CPU.ActiveCfg = Release|Any CPU
		{900C1281-3965-44A5-818E-D23BC978276D}.Release|Any CPU.Build.0 = Release|Any CPU
		{A41F0C7F-03E1-4CC6-93B8-CDC2BD9C7F42}.Debug|Any CPU.ActiveCfg = Debug|Any CPU
		{A41F0C7F-03E1-4CC6-93B8-CDC2BD9C7F42}.Debug|Any CPU.Build.0 = Debug|Any CPU
		{A41F0C7F-03E1-4CC6-93B8-CDC2BD9C7F42}.Release|Any CPU.ActiveCfg = Release|Any CPU
		{A41F0C7F-03E1-4CC6-93B8-CDC2BD9C7F42}.Release|Any CPU.Build.0 = Release|Any CPU
		{03EAD423-E585-47EC-960A-FF2FC332E458}.Debug|Any CPU.ActiveCfg = Debug|Any CPU
		{03EAD423-E585-47EC-960A-FF2FC332E458}.Debug|Any CPU.Build.0 = Debug|Any CPU
		{03EAD423-E585-47EC-960A-FF2FC332E458}.Release|Any CPU.ActiveCfg = Release|Any CPU
		{03EAD423-E585-47EC-960A-FF2FC332E458}.Release|Any CPU.Build.0 = Release|Any CPU
		{21FFD0DC-7F92-4025-B9A6-67768750C21E}.Debug|Any CPU.ActiveCfg = Debug|Any CPU
		{21FFD0DC-7F92-4025-B9A6-67768750C21E}.Debug|Any CPU.Build.0 = Debug|Any CPU
		{21FFD0DC-7F92-4025-B9A6-67768750C21E}.Release|Any CPU.ActiveCfg = Release|Any CPU
		{21FFD0DC-7F92-4025-B9A6-67768750C21E}.Release|Any CPU.Build.0 = Release|Any CPU
	EndGlobalSection
	GlobalSection(SolutionProperties) = preSolution
		HideSolutionNode = FALSE
	EndGlobalSection
	GlobalSection(NestedProjects) = preSolution
		{88B7D74C-1F0F-486A-AA05-4DB572E7FDF7} = {5868366D-6E08-4ED6-8A89-471CF233BCB4}
		{A3748092-DD96-4A21-BC06-9DF2BC01E14E} = {D9D591AC-ED74-47B5-A479-B2469E6EB430}
		{3C772873-7E51-4ECC-B842-6B82E7DEA23F} = {D9D591AC-ED74-47B5-A479-B2469E6EB430}
		{AC3A8507-397E-4A48-A45A-96862D2F0B00} = {D9D591AC-ED74-47B5-A479-B2469E6EB430}
		{4C8732C7-1023-4E9F-93BC-634F5469F862} = {D9D591AC-ED74-47B5-A479-B2469E6EB430}
		{CD27FDD1-22FB-48F3-9BFC-91625B9B9456} = {7FAEA0B8-AD98-4998-8F4F-1D86EB19BFB2}
		{42257E08-6A83-4450-9B48-E83D15357AC0} = {7FAEA0B8-AD98-4998-8F4F-1D86EB19BFB2}
		{8F855FDC-F8CF-4285-814A-7C7FE4EA8C34} = {7FAEA0B8-AD98-4998-8F4F-1D86EB19BFB2}
		{900C1281-3965-44A5-818E-D23BC978276D} = {5868366D-6E08-4ED6-8A89-471CF233BCB4}
		{A41F0C7F-03E1-4CC6-93B8-CDC2BD9C7F42} = {5868366D-6E08-4ED6-8A89-471CF233BCB4}
		{03EAD423-E585-47EC-960A-FF2FC332E458} = {5868366D-6E08-4ED6-8A89-471CF233BCB4}
		{21FFD0DC-7F92-4025-B9A6-67768750C21E} = {5868366D-6E08-4ED6-8A89-471CF233BCB4}
	EndGlobalSection
	GlobalSection(ExtensibilityGlobals) = postSolution
		SolutionGuid = {2A4A96EF-1356-4141-9A9E-B6DDBB2F4B92}
	EndGlobalSection
EndGlobal
